{
    "_readme": [
        "This file locks the dependencies of your project to a known state",
        "Read more about it at http://getcomposer.org/doc/01-basic-usage.md#composer-lock-the-lock-file"
    ],
    "hash": "8a4f3382dd41d89afab92a5c26d1621a",
    "packages": [
        {
            "name": "beberlei/assert",
            "version": "v1.5",
            "source": {
                "type": "git",
                "url": "https://github.com/beberlei/assert.git",
                "reference": "b01a2868fcebcefc14ce3ae240d5b2fbba1d7126"
            },
            "dist": {
                "type": "zip",
                "url": "https://api.github.com/repos/beberlei/assert/zipball/b01a2868fcebcefc14ce3ae240d5b2fbba1d7126",
                "reference": "b01a2868fcebcefc14ce3ae240d5b2fbba1d7126",
                "shasum": ""
            },
            "require": {
                "ext-mbstring": "*"
            },
            "type": "library",
            "autoload": {
                "psr-0": {
                    "Assert": "lib/"
                }
            },
            "notification-url": "https://packagist.org/downloads/",
            "license": [
                "BSD-2-Clause"
            ],
            "authors": [
                {
                    "name": "Benjamin Eberlei",
                    "email": "kontakt@beberlei.de"
                }
            ],
            "description": "Thin assertion library for input validation in business models.",
            "keywords": [
                "assert",
                "assertion",
                "validation"
            ],
            "time": "2013-10-01 11:37:27"
        },
        {
            "name": "doctrine/collections",
            "version": "dev-master",
            "source": {
                "type": "git",
                "url": "https://github.com/doctrine/collections.git",
                "reference": "bcb53776a096a0c64579cc8d8ec0db62f1109fbc"
            },
            "dist": {
                "type": "zip",
                "url": "https://api.github.com/repos/doctrine/collections/zipball/bcb53776a096a0c64579cc8d8ec0db62f1109fbc",
                "reference": "bcb53776a096a0c64579cc8d8ec0db62f1109fbc",
                "shasum": ""
            },
            "require": {
                "php": ">=5.3.2"
            },
            "type": "library",
            "extra": {
                "branch-alias": {
                    "dev-master": "1.2.x-dev"
                }
            },
            "autoload": {
                "psr-0": {
                    "Doctrine\\Common\\Collections\\": "lib/"
                }
            },
            "notification-url": "https://packagist.org/downloads/",
            "license": [
                "MIT"
            ],
            "authors": [
                {
                    "name": "Jonathan H. Wage",
                    "email": "jonwage@gmail.com",
                    "homepage": "http://www.jwage.com/",
                    "role": "Creator"
                },
                {
                    "name": "Guilherme Blanco",
                    "email": "guilhermeblanco@gmail.com",
                    "homepage": "http://www.instaclick.com"
                },
                {
                    "name": "Roman Borschel",
                    "email": "roman@code-factory.org"
                },
                {
                    "name": "Benjamin Eberlei",
                    "email": "kontakt@beberlei.de"
                },
                {
                    "name": "Johannes Schmitt",
                    "email": "schmittjoh@gmail.com",
                    "homepage": "http://jmsyst.com",
                    "role": "Developer of wrapped JMSSerializerBundle"
                }
            ],
            "description": "Collections Abstraction library",
            "homepage": "http://www.doctrine-project.org",
            "keywords": [
                "array",
                "collections",
                "iterator"
            ],
            "time": "2013-08-29 16:56:45"
        },
        {
            "name": "guzzle/guzzle",
            "version": "v3.7.4",
            "source": {
                "type": "git",
                "url": "https://github.com/guzzle/guzzle.git",
                "reference": "b170b028c6bb5799640e46c8803015b0f9a45ed9"
            },
            "dist": {
                "type": "zip",
                "url": "https://api.github.com/repos/guzzle/guzzle/zipball/b170b028c6bb5799640e46c8803015b0f9a45ed9",
                "reference": "b170b028c6bb5799640e46c8803015b0f9a45ed9",
                "shasum": ""
            },
            "require": {
                "ext-curl": "*",
                "php": ">=5.3.3",
                "symfony/event-dispatcher": ">=2.1"
            },
            "replace": {
                "guzzle/batch": "self.version",
                "guzzle/cache": "self.version",
                "guzzle/common": "self.version",
                "guzzle/http": "self.version",
                "guzzle/inflection": "self.version",
                "guzzle/iterator": "self.version",
                "guzzle/log": "self.version",
                "guzzle/parser": "self.version",
                "guzzle/plugin": "self.version",
                "guzzle/plugin-async": "self.version",
                "guzzle/plugin-backoff": "self.version",
                "guzzle/plugin-cache": "self.version",
                "guzzle/plugin-cookie": "self.version",
                "guzzle/plugin-curlauth": "self.version",
                "guzzle/plugin-error-response": "self.version",
                "guzzle/plugin-history": "self.version",
                "guzzle/plugin-log": "self.version",
                "guzzle/plugin-md5": "self.version",
                "guzzle/plugin-mock": "self.version",
                "guzzle/plugin-oauth": "self.version",
                "guzzle/service": "self.version",
                "guzzle/stream": "self.version"
            },
            "require-dev": {
                "doctrine/cache": "*",
                "monolog/monolog": "1.*",
                "phpunit/phpunit": "3.7.*",
                "psr/log": "1.0.*",
                "symfony/class-loader": "*",
                "zendframework/zend-cache": "2.0.*",
                "zendframework/zend-log": "2.0.*"
            },
            "type": "library",
            "extra": {
                "branch-alias": {
                    "dev-master": "3.7-dev"
                }
            },
            "autoload": {
                "psr-0": {
                    "Guzzle\\Tests": "tests/",
                    "Guzzle": "src/"
                }
            },
            "notification-url": "https://packagist.org/downloads/",
            "license": [
                "MIT"
            ],
            "authors": [
                {
                    "name": "Michael Dowling",
                    "email": "mtdowling@gmail.com",
                    "homepage": "https://github.com/mtdowling"
                },
                {
                    "name": "Guzzle Community",
                    "homepage": "https://github.com/guzzle/guzzle/contributors"
                }
            ],
            "description": "Guzzle is a PHP HTTP client library and framework for building RESTful web service clients",
            "homepage": "http://guzzlephp.org/",
            "keywords": [
                "client",
                "curl",
                "framework",
                "http",
                "http client",
                "rest",
                "web service"
            ],
            "time": "2013-10-02 20:47:00"
        },
        {
            "name": "seld/jsonlint",
            "version": "1.1.2",
            "source": {
                "type": "git",
                "url": "https://github.com/Seldaek/jsonlint.git",
                "reference": "7cd4c4965e17e6e4c07f26d566619a4c76f8c672"
            },
            "dist": {
                "type": "zip",
                "url": "https://api.github.com/repos/Seldaek/jsonlint/zipball/7cd4c4965e17e6e4c07f26d566619a4c76f8c672",
                "reference": "7cd4c4965e17e6e4c07f26d566619a4c76f8c672",
                "shasum": ""
            },
            "require": {
                "php": ">=5.3.0"
            },
            "bin": [
                "bin/jsonlint"
            ],
            "type": "library",
            "autoload": {
                "psr-0": {
                    "Seld\\JsonLint": "src/"
                }
            },
            "notification-url": "https://packagist.org/downloads/",
            "license": [
                "MIT"
            ],
            "authors": [
                {
                    "name": "Jordi Boggiano",
                    "email": "j.boggiano@seld.be",
                    "homepage": "http://seld.be",
                    "role": "Developer"
                }
            ],
            "description": "JSON Linter",
            "keywords": [
                "json",
                "linter",
                "parser",
                "validator"
            ],
            "time": "2013-11-04 15:41:11"
        },
        {
            "name": "symfony/event-dispatcher",
            "version": "dev-master",
            "target-dir": "Symfony/Component/EventDispatcher",
            "source": {
                "type": "git",
                "url": "https://github.com/symfony/EventDispatcher.git",
                "reference": "d51d78b34c1d9dcc384ba48155105fe99284dd67"
            },
            "dist": {
                "type": "zip",
                "url": "https://api.github.com/repos/symfony/EventDispatcher/zipball/d51d78b34c1d9dcc384ba48155105fe99284dd67",
                "reference": "d51d78b34c1d9dcc384ba48155105fe99284dd67",
                "shasum": ""
            },
            "require": {
                "php": ">=5.3.3"
            },
            "require-dev": {
                "symfony/dependency-injection": "~2.0"
            },
            "suggest": {
                "symfony/dependency-injection": "",
                "symfony/http-kernel": ""
            },
            "type": "library",
            "extra": {
                "branch-alias": {
                    "dev-master": "2.4-dev"
                }
            },
            "autoload": {
                "psr-0": {
                    "Symfony\\Component\\EventDispatcher\\": ""
                }
            },
            "notification-url": "https://packagist.org/downloads/",
            "license": [
                "MIT"
            ],
            "authors": [
                {
                    "name": "Fabien Potencier",
                    "email": "fabien@symfony.com"
                },
                {
                    "name": "Symfony Community",
                    "homepage": "http://symfony.com/contributors"
                }
            ],
            "description": "Symfony EventDispatcher Component",
            "homepage": "http://symfony.com",
            "time": "2013-10-17 11:48:11"
        },
        {
            "name": "symfony/process",
            "version": "2.3.x-dev",
            "target-dir": "Symfony/Component/Process",
            "source": {
                "type": "git",
                "url": "https://github.com/symfony/Process.git",
                "reference": "82898108f79040314a7b3ba430a72c32c7f61d14"
            },
            "dist": {
                "type": "zip",
                "url": "https://api.github.com/repos/symfony/Process/zipball/82898108f79040314a7b3ba430a72c32c7f61d14",
                "reference": "82898108f79040314a7b3ba430a72c32c7f61d14",
                "shasum": ""
            },
            "require": {
                "php": ">=5.3.3"
            },
            "type": "library",
            "extra": {
                "branch-alias": {
                    "dev-master": "2.3-dev"
                }
            },
            "autoload": {
                "psr-0": {
                    "Symfony\\Component\\Process\\": ""
                }
            },
            "notification-url": "https://packagist.org/downloads/",
            "license": [
                "MIT"
            ],
            "authors": [
                {
                    "name": "Fabien Potencier",
                    "email": "fabien@symfony.com"
                },
                {
                    "name": "Symfony Community",
                    "homepage": "http://symfony.com/contributors"
                }
            ],
            "description": "Symfony Process Component",
            "homepage": "http://symfony.com",
            "time": "2013-10-30 08:30:20"
        },
        {
            "name": "webforge/collections",
            "version": "dev-master",
            "source": {
                "type": "git",
                "url": "https://github.com/webforge-labs/webforge-collections.git",
                "reference": "ffa069d7117fbd1706900ae17682d99fd62c2dc9"
            },
            "dist": {
                "type": "zip",
                "url": "https://api.github.com/repos/webforge-labs/webforge-collections/zipball/ffa069d7117fbd1706900ae17682d99fd62c2dc9",
                "reference": "ffa069d7117fbd1706900ae17682d99fd62c2dc9",
                "shasum": ""
            },
            "require": {
                "doctrine/collections": "1.2.*"
            },
            "require-dev": {
                "satooshi/php-coveralls": "dev-master",
                "webforge/testplate": ">=1.2"
            },
            "type": "library",
            "extra": {
                "branch-alias": {
                    "dev-master": "1.0.x-dev"
                }
            },
            "autoload": {
                "psr-0": {
                    "Webforge\\Collections": [
                        "lib/",
                        "tests/"
                    ]
                }
            },
            "notification-url": "https://packagist.org/downloads/",
            "license": [
                "MIT"
            ],
            "authors": [
                {
                    "name": "Philipp Scheit",
                    "email": "p.scheit@ps-webforge.com"
                }
            ],
            "description": "Collection extensions based on Doctrine\\Common\\Collections",
            "time": "2013-10-29 14:00:10"
        },
        {
            "name": "webforge/common",
            "version": "1.5.2",
            "source": {
                "type": "git",
                "url": "https://github.com/webforge-labs/webforge-common.git",
                "reference": "c0a777dd4e5b4aeef59445ca3269df77ec7ec67d"
            },
            "dist": {
                "type": "zip",
                "url": "https://api.github.com/repos/webforge-labs/webforge-common/zipball/c0a777dd4e5b4aeef59445ca3269df77ec7ec67d",
                "reference": "c0a777dd4e5b4aeef59445ca3269df77ec7ec67d",
                "shasum": ""
            },
            "require": {
                "ext-mbstring": "*",
                "php": ">=5.3.2",
                "seld/jsonlint": "1.1.*@stable",
                "webforge/collections": "1.0.*@stable",
                "webforge/process": "1.0.*@beta"
            },
            "require-dev": {
                "liip/rmt": "0.9.*",
                "mikey179/vfsstream": "1.2.*@stable",
                "mockery/mockery": "@stable",
                "webforge/testplate": ">=1.3"
            },
            "type": "library",
            "extra": {
                "branch-alias": {
                    "dev-master": "1.4.x-dev"
                }
            },
            "autoload": {
                "psr-0": {
                    "Webforge\\Common": [
                        "lib/",
                        "tests/"
                    ]
                }
            },
            "notification-url": "https://packagist.org/downloads/",
            "license": [
                "MIT"
            ],
            "authors": [
                {
                    "name": "Philipp Scheit",
                    "email": "p.scheit@ps-webforge.com"
                }
            ],
            "description": "Boilerplate for Webforge and Psc - CMS",
            "homepage": "http://github.com/pscheit/webforge-common",
            "keywords": [
                "framework"
            ],
            "time": "2013-10-23 12:43:04"
        },
        {
            "name": "webforge/process",
            "version": "1.0.3-beta",
            "source": {
                "type": "git",
                "url": "https://github.com/webforge-labs/webforge-process.git",
                "reference": "812c5addf636c270c90c9e72d4bcf838132a17e6"
            },
            "dist": {
                "type": "zip",
                "url": "https://api.github.com/repos/webforge-labs/webforge-process/zipball/812c5addf636c270c90c9e72d4bcf838132a17e6",
                "reference": "812c5addf636c270c90c9e72d4bcf838132a17e6",
                "shasum": ""
            },
            "require": {
                "symfony/process": "2.3.*",
                "webforge/common": "1.*@dev"
            },
            "require-dev": {
                "mockery/mockery": "0.8.*@stable",
                "symfony/console": "2.3.*@stable",
                "symfony/finder": "2.3.*@stable",
                "webforge/testplate": ">=1.3"
            },
            "type": "library",
            "extra": {
                "branch-alias": {
                    "dev-master": "1.0.x-dev"
                }
            },
            "autoload": {
                "psr-0": {
                    "Webforge\\Process": [
                        "lib/",
                        "tests/"
                    ]
                }
            },
            "notification-url": "https://packagist.org/downloads/",
            "license": [
                "MIT"
            ],
            "authors": [
                {
                    "name": "Philipp Scheit",
                    "email": "p.scheit@ps-webforge.com"
                }
            ],
            "time": "2013-10-21 08:50:26"
        }
    ],
    "packages-dev": [
        {
            "name": "symfony/css-selector",
            "version": "2.1.x-dev",
            "target-dir": "Symfony/Component/CssSelector",
            "source": {
                "type": "git",
                "url": "https://github.com/symfony/CssSelector.git",
                "reference": "bf7bb82a099dfb26b018daf70ad1985fea4d2997"
            },
            "dist": {
                "type": "zip",
                "url": "https://api.github.com/repos/symfony/CssSelector/zipball/bf7bb82a099dfb26b018daf70ad1985fea4d2997",
                "reference": "bf7bb82a099dfb26b018daf70ad1985fea4d2997",
                "shasum": ""
            },
            "require": {
                "php": ">=5.3.3"
            },
            "type": "library",
            "autoload": {
                "psr-0": {
                    "Symfony\\Component\\CssSelector": ""
                }
            },
            "notification-url": "https://packagist.org/downloads/",
            "license": [
                "MIT"
            ],
            "authors": [
                {
                    "name": "Fabien Potencier",
                    "email": "fabien@symfony.com"
                },
                {
                    "name": "Symfony Community",
                    "homepage": "http://symfony.com/contributors"
                }
            ],
            "description": "Symfony CssSelector Component",
            "homepage": "http://symfony.com",
            "time": "2013-05-17 00:31:34"
        },
        {
            "name": "webforge/dom",
            "version": "dev-master",
            "source": {
                "type": "git",
                "url": "https://github.com/webforge-labs/webforge-dom.git",
                "reference": "218b3c078b63310e6251ade7b01ea15dbb057013"
            },
            "dist": {
                "type": "zip",
                "url": "https://api.github.com/repos/webforge-labs/webforge-dom/zipball/218b3c078b63310e6251ade7b01ea15dbb057013",
                "reference": "218b3c078b63310e6251ade7b01ea15dbb057013",
                "shasum": ""
            },
            "require": {
                "symfony/css-selector": "2.1.*@stable",
                "webforge/collections": ">=1"
            },
            "require-dev": {
                "webforge/testplate": "1.3.*@dev"
            },
            "type": "library",
            "extra": {
                "branch-alias": {
                    "dev-master": "1.0.x-dev"
                }
            },
            "autoload": {
                "psr-0": {
                    "Webforge\\DOM": [
                        "lib/",
                        "tests/"
                    ]
                }
            },
            "notification-url": "https://packagist.org/downloads/",
            "license": [
                "MIT"
            ],
            "authors": [
                {
                    "name": "Philipp Scheit",
                    "email": "p.scheit@ps-webforge.com"
                }
            ],
            "description": "A very very very very very simple aproach to build an api like jquery for html (testing) in php",
            "time": "2013-11-04 08:49:12"
        },
        {
            "name": "webforge/testplate",
            "version": "dev-master",
            "source": {
                "type": "git",
                "url": "https://github.com/webforge-labs/webforge-testplate.git",
                "reference": "c1d58c95823500b2b3a7578e0b0d86293a27cf68"
            },
            "dist": {
                "type": "zip",
                "url": "https://api.github.com/repos/webforge-labs/webforge-testplate/zipball/c1d58c95823500b2b3a7578e0b0d86293a27cf68",
                "reference": "c1d58c95823500b2b3a7578e0b0d86293a27cf68",
                "shasum": ""
            },
            "require": {
                "webforge/common": "*"
            },
            "require-dev": {
                "liip/rmt": "0.9.*",
                "pscheit/psc-cms": "dev-master",
                "webforge/dom": "*",
                "webforge/translation": "dev-master",
                "webforge/webforge": "dev-master"
            },
            "suggest": {
                "guzzle/guzzle": "Needed for the GuzzleTester",
                "mockery/mockery": "Better replacement for PHPUnits mock library",
                "webforge/dom": "If you want to use the css() tests in your unit tests for html"
            },
            "type": "library",
            "extra": {
                "branch-alias": {
                    "dev-master": "1.4.x-dev"
                }
            },
            "autoload": {
                "psr-0": {
                    "Webforge\\Code\\Test": [
                        "lib/",
                        "tests/"
                    ]
                }
            },
            "notification-url": "https://packagist.org/downloads/",
            "license": [
                "MIT"
            ],
            "authors": [
                {
                    "name": "Philipp Scheit",
                    "email": "p.scheit@ps-webforge.com"
                }
            ],
            "description": "Testplate for webforge for base testcases",
            "time": "2013-11-13 11:54:08"
        }
    ],
    "aliases": [

    ],
    "minimum-stability": "dev",
    "stability-flags": {
        "beberlei/assert": 0,
        "webforge/common": 0,
        "guzzle/guzzle": 0,
        "webforge/dom": 20
    },
    "platform": [

    ],
    "platform-dev": [

    ]
}
